
Microsoft Visual Studio Solution File, Format Version 12.00
# Visual Studio Version 16
VisualStudioVersion = 16.0.29911.84
MinimumVisualStudioVersion = 10.0.40219.1
Project("{2150E333-8FDC-42A3-9474-1A3956D46DE8}") = "1 - Presentation", "1 - Presentation", "{A43E2DFD-70AF-42C9-945C-8A63833474A5}"
EndProject
Project("{2150E333-8FDC-42A3-9474-1A3956D46DE8}") = "2 - Services", "2 - Services", "{5F137CC6-9615-4B74-A01E-EFC2E19AE77F}"
EndProject
Project("{2150E333-8FDC-42A3-9474-1A3956D46DE8}") = "3 - Application", "3 - Application", "{B7940185-7392-4500-BAF4-640AFF1B4CE9}"
EndProject
Project("{2150E333-8FDC-42A3-9474-1A3956D46DE8}") = "4 - Domain", "4 - Domain", "{30FF0185-45E9-4F62-B95E-A4865DE06DBA}"
EndProject
Project("{2150E333-8FDC-42A3-9474-1A3956D46DE8}") = "5 - Infra", "5 - Infra", "{DB9E85CD-2208-4599-9E0F-1692B20701C3}"
EndProject
Project("{2150E333-8FDC-42A3-9474-1A3956D46DE8}") = "5.1 - Data", "5.1 - Data", "{51D52904-B0CC-47D1-A7C7-7C8649E07592}"
EndProject
Project("{2150E333-8FDC-42A3-9474-1A3956D46DE8}") = "5.2 - CrossCutting", "5.2 - CrossCutting", "{4158F079-0204-494B-B871-8B7554349D3B}"
EndProject
Project("{9A19103F-16F7-4668-BE54-9A1E7A4F7556}") = "CoollabTech.Domain", "src\CoollabTech.Domain\CoollabTech.Domain.csproj", "{6D228A95-1049-4015-BD4D-5A9C09DDCBCA}"
EndProject
Project("{9A19103F-16F7-4668-BE54-9A1E7A4F7556}") = "CoollabTech.Domain.Core", "src\CoollabTech.Domain.Core\CoollabTech.Domain.Core.csproj", "{463203C9-8760-4CD7-8410-789A53F0DB6D}"
EndProject
Project("{2150E333-8FDC-42A3-9474-1A3956D46DE8}") = "6 - Tests", "6 - Tests", "{00A1549E-94E5-4DBA-9E6F-6BF7A33F5A09}"
EndProject
Project("{FAE04EC0-301F-11D3-BF4B-00C04F79EFBC}") = "CoollabTech.Tests.Api", "tests\CoollabTech.Tests.API\CoollabTech.Tests.Api.csproj", "{E8A3B8DD-62A4-4379-84A3-235523470754}"
EndProject
Project("{FAE04EC0-301F-11D3-BF4B-00C04F79EFBC}") = "CoolabTech.Tests.Domain", "tests\CoolabTech.Tests.Domain\CoolabTech.Tests.Domain.csproj", "{C6EB7514-EF7B-4C97-A55A-CDA20F9E78BC}"
EndProject
Project("{FAE04EC0-301F-11D3-BF4B-00C04F79EFBC}") = "CoollabTech.Infra.Data", "src\CoollabTech.Infra.Data\CoollabTech.Infra.Data.csproj", "{B6BD421A-793E-41A3-A1C6-74BD402B5EE6}"
EndProject
Project("{FAE04EC0-301F-11D3-BF4B-00C04F79EFBC}") = "CoollabTech.Infra.CrossCutting.Identity", "src\CoollabTech.Infra.CrossCutting.Identity\CoollabTech.Infra.CrossCutting.Identity.csproj", "{6031CB74-821C-4F7A-ADFE-50CAE188EB25}"
EndProject
Project("{FAE04EC0-301F-11D3-BF4B-00C04F79EFBC}") = "CoollabTech.Infra.CrossCutting.IoC", "src\CoollabTech.Infra.CrossCutting.IoC\CoollabTech.Infra.CrossCutting.IoC.csproj", "{03B39184-1AE5-44F7-862D-96534D99951F}"
EndProject
Project("{FAE04EC0-301F-11D3-BF4B-00C04F79EFBC}") = "CoollabTech.UI.Web", "src\CoollabTech.UI.Web\CoollabTech.UI.Web.csproj", "{5634128E-C483-4A24-ABAD-9BC84AB4AAAF}"
EndProject
Project("{FAE04EC0-301F-11D3-BF4B-00C04F79EFBC}") = "CoollabTech.Application", "src\CoollabTech.Application\CoollabTech.Application.csproj", "{3423C9C3-F130-443F-93DF-D78281CB3545}"
EndProject
Global
	GlobalSection(SolutionConfigurationPlatforms) = preSolution
		Debug|Any CPU = Debug|Any CPU
		Release|Any CPU = Release|Any CPU
	EndGlobalSection
	GlobalSection(ProjectConfigurationPlatforms) = postSolution
		{6D228A95-1049-4015-BD4D-5A9C09DDCBCA}.Debug|Any CPU.ActiveCfg = Debug|Any CPU
		{6D228A95-1049-4015-BD4D-5A9C09DDCBCA}.Debug|Any CPU.Build.0 = Debug|Any CPU
		{6D228A95-1049-4015-BD4D-5A9C09DDCBCA}.Release|Any CPU.ActiveCfg = Release|Any CPU
		{6D228A95-1049-4015-BD4D-5A9C09DDCBCA}.Release|Any CPU.Build.0 = Release|Any CPU
		{463203C9-8760-4CD7-8410-789A53F0DB6D}.Debug|Any CPU.ActiveCfg = Debug|Any CPU
		{463203C9-8760-4CD7-8410-789A53F0DB6D}.Debug|Any CPU.Build.0 = Debug|Any CPU
		{463203C9-8760-4CD7-8410-789A53F0DB6D}.Release|Any CPU.ActiveCfg = Release|Any CPU
		{463203C9-8760-4CD7-8410-789A53F0DB6D}.Release|Any CPU.Build.0 = Release|Any CPU
		{E8A3B8DD-62A4-4379-84A3-235523470754}.Debug|Any CPU.ActiveCfg = Debug|Any CPU
		{E8A3B8DD-62A4-4379-84A3-235523470754}.Debug|Any CPU.Build.0 = Debug|Any CPU
		{E8A3B8DD-62A4-4379-84A3-235523470754}.Release|Any CPU.ActiveCfg = Release|Any CPU
		{E8A3B8DD-62A4-4379-84A3-235523470754}.Release|Any CPU.Build.0 = Release|Any CPU
		{C6EB7514-EF7B-4C97-A55A-CDA20F9E78BC}.Debug|Any CPU.ActiveCfg = Debug|Any CPU
		{C6EB7514-EF7B-4C97-A55A-CDA20F9E78BC}.Debug|Any CPU.Build.0 = Debug|Any CPU
		{C6EB7514-EF7B-4C97-A55A-CDA20F9E78BC}.Release|Any CPU.ActiveCfg = Release|Any CPU
		{C6EB7514-EF7B-4C97-A55A-CDA20F9E78BC}.Release|Any CPU.Build.0 = Release|Any CPU
		{B6BD421A-793E-41A3-A1C6-74BD402B5EE6}.Debug|Any CPU.ActiveCfg = Debug|Any CPU
		{B6BD421A-793E-41A3-A1C6-74BD402B5EE6}.Debug|Any CPU.Build.0 = Debug|Any CPU
		{B6BD421A-793E-41A3-A1C6-74BD402B5EE6}.Release|Any CPU.ActiveCfg = Release|Any CPU
		{B6BD421A-793E-41A3-A1C6-74BD402B5EE6}.Release|Any CPU.Build.0 = Release|Any CPU
		{6031CB74-821C-4F7A-ADFE-50CAE188EB25}.Debug|Any CPU.ActiveCfg = Debug|Any CPU
		{6031CB74-821C-4F7A-ADFE-50CAE188EB25}.Debug|Any CPU.Build.0 = Debug|Any CPU
		{6031CB74-821C-4F7A-ADFE-50CAE188EB25}.Release|Any CPU.ActiveCfg = Release|Any CPU
		{6031CB74-821C-4F7A-ADFE-50CAE188EB25}.Release|Any CPU.Build.0 = Release|Any CPU
		{03B39184-1AE5-44F7-862D-96534D99951F}.Debug|Any CPU.ActiveCfg = Debug|Any CPU
		{03B39184-1AE5-44F7-862D-96534D99951F}.Debug|Any CPU.Build.0 = Debug|Any CPU
		{03B39184-1AE5-44F7-862D-96534D99951F}.Release|Any CPU.ActiveCfg = Release|Any CPU
		{03B39184-1AE5-44F7-862D-96534D99951F}.Release|Any CPU.Build.0 = Release|Any CPU
		{5634128E-C483-4A24-ABAD-9BC84AB4AAAF}.Debug|Any CPU.ActiveCfg = Debug|Any CPU
		{5634128E-C483-4A24-ABAD-9BC84AB4AAAF}.Debug|Any CPU.Build.0 = Debug|Any CPU
		{5634128E-C483-4A24-ABAD-9BC84AB4AAAF}.Release|Any CPU.ActiveCfg = Release|Any CPU
		{5634128E-C483-4A24-ABAD-9BC84AB4AAAF}.Release|Any CPU.Build.0 = Release|Any CPU
		{3423C9C3-F130-443F-93DF-D78281CB3545}.Debug|Any CPU.ActiveCfg = Debug|Any CPU
		{3423C9C3-F130-443F-93DF-D78281CB3545}.Debug|Any CPU.Build.0 = Debug|Any CPU
		{3423C9C3-F130-443F-93DF-D78281CB3545}.Release|Any CPU.ActiveCfg = Release|Any CPU
		{3423C9C3-F130-443F-93DF-D78281CB3545}.Release|Any CPU.Build.0 = Release|Any CPU
	EndGlobalSection
	GlobalSection(SolutionProperties) = preSolution
		HideSolutionNode = FALSE
	EndGlobalSection
	GlobalSection(NestedProjects) = preSolution
		{51D52904-B0CC-47D1-A7C7-7C8649E07592} = {DB9E85CD-2208-4599-9E0F-1692B20701C3}
		{4158F079-0204-494B-B871-8B7554349D3B} = {DB9E85CD-2208-4599-9E0F-1692B20701C3}
		{6D228A95-1049-4015-BD4D-5A9C09DDCBCA} = {30FF0185-45E9-4F62-B95E-A4865DE06DBA}
		{463203C9-8760-4CD7-8410-789A53F0DB6D} = {30FF0185-45E9-4F62-B95E-A4865DE06DBA}
		{E8A3B8DD-62A4-4379-84A3-235523470754} = {00A1549E-94E5-4DBA-9E6F-6BF7A33F5A09}
		{C6EB7514-EF7B-4C97-A55A-CDA20F9E78BC} = {00A1549E-94E5-4DBA-9E6F-6BF7A33F5A09}
		{B6BD421A-793E-41A3-A1C6-74BD402B5EE6} = {51D52904-B0CC-47D1-A7C7-7C8649E07592}
		{6031CB74-821C-4F7A-ADFE-50CAE188EB25} = {4158F079-0204-494B-B871-8B7554349D3B}
		{03B39184-1AE5-44F7-862D-96534D99951F} = {4158F079-0204-494B-B871-8B7554349D3B}
		{5634128E-C483-4A24-ABAD-9BC84AB4AAAF} = {A43E2DFD-70AF-42C9-945C-8A63833474A5}
		{3423C9C3-F130-443F-93DF-D78281CB3545} = {B7940185-7392-4500-BAF4-640AFF1B4CE9}
	EndGlobalSection
	GlobalSection(ExtensibilityGlobals) = postSolution
		SolutionGuid = {3EEB4C20-FC31-428F-909C-CE6F8455B462}
	EndGlobalSection
EndGlobal
